
Microsoft Visual Studio Solution File, Format Version 12.00
# Visual Studio Version 17
VisualStudioVersion = 17.0.31903.59
MinimumVisualStudioVersion = 10.0.40219.1
Project("{2150E333-8FDC-42A3-9474-1A3956D46DE8}") = "Frontend", "Frontend", "{B5F22348-2675-4FF2-8305-DEE12BCA233F}"
EndProject
Project("{9A19103F-16F7-4668-BE54-9A1E7A4F7556}") = "Mango.Web", "Mango.Web\Mango.Web.csproj", "{7855F19E-B341-49D4-A50A-C8D74257EAEB}"
	ProjectSection(ProjectDependencies) = postProject
		{0D20E818-2792-4827-BBA2-EE9FFC361DDE} = {0D20E818-2792-4827-BBA2-EE9FFC361DDE}
	EndProjectSection
EndProject
Project("{2150E333-8FDC-42A3-9474-1A3956D46DE8}") = "Services", "Services", "{DF58A441-7C50-4537-921F-CA4CFF56C297}"
EndProject
Project("{9A19103F-16F7-4668-BE54-9A1E7A4F7556}") = "Mango.Services.ProductAPI", "Mango.Services.ProductAPI\Mango.Services.ProductAPI.csproj", "{0D20E818-2792-4827-BBA2-EE9FFC361DDE}"
EndProject
Project("{9A19103F-16F7-4668-BE54-9A1E7A4F7556}") = "Mango.Services.Identity", "Mango.Services.Identity\Mango.Services.Identity.csproj", "{D5924F04-FAE7-4409-A93D-55B4F5F1545C}"
EndProject
Project("{9A19103F-16F7-4668-BE54-9A1E7A4F7556}") = "Mango.Services.ShopingCartAPI", "Mango.Services.ShopingCartAPI\Mango.Services.ShopingCartAPI.csproj", "{98FDA6D7-D871-45DD-A00E-3CEC2D353928}"
EndProject
Project("{9A19103F-16F7-4668-BE54-9A1E7A4F7556}") = "Mango.Services.CouponAPI", "Mango.Services.CouponAPI\Mango.Services.CouponAPI.csproj", "{C5A50AEE-7997-4D1C-9CBE-56C765E0B06C}"
EndProject
Project("{2150E333-8FDC-42A3-9474-1A3956D46DE8}") = "Integration", "Integration", "{9FCD8A0D-7149-4662-8122-F1B8F64A1408}"
EndProject
Project("{9A19103F-16F7-4668-BE54-9A1E7A4F7556}") = "Mango.AzureBus", "Mango.AzureBus\Mango.AzureBus.csproj", "{B2BF43FD-ABD1-43BB-9A23-34F224D8924E}"
EndProject
Project("{9A19103F-16F7-4668-BE54-9A1E7A4F7556}") = "Mango.Services.OrderAPI", "Mango.Services.OrderAPI\Mango.Services.OrderAPI.csproj", "{8DB00AD1-C1FB-474C-9402-832D757E6491}"
EndProject
Project("{2150E333-8FDC-42A3-9474-1A3956D46DE8}") = "Payments", "Payments", "{6C37766F-44EA-41F3-956E-BF41D632A627}"
EndProject
Project("{9A19103F-16F7-4668-BE54-9A1E7A4F7556}") = "PaymentProcessor", "PaymentProcessor\PaymentProcessor.csproj", "{C2A120FD-1770-408C-A0A1-AB68C9142FD7}"
EndProject
Project("{9A19103F-16F7-4668-BE54-9A1E7A4F7556}") = "Mango.Services.PaymentAPI", "Mango.Services.PaymentAPI\Mango.Services.PaymentAPI.csproj", "{550676AA-BAFE-45FC-9BDC-F9400A1D528A}"
EndProject
Project("{FAE04EC0-301F-11D3-BF4B-00C04F79EFBC}") = "Mango.Services.Email", "Mango.Services.Email\Mango.Services.Email.csproj", "{60DE7CF2-2D78-4662-A484-110CF0D66D4C}"
EndProject
Global
	GlobalSection(SolutionConfigurationPlatforms) = preSolution
		Debug|Any CPU = Debug|Any CPU
		Release|Any CPU = Release|Any CPU
	EndGlobalSection
	GlobalSection(ProjectConfigurationPlatforms) = postSolution
		{7855F19E-B341-49D4-A50A-C8D74257EAEB}.Debug|Any CPU.ActiveCfg = Debug|Any CPU
		{7855F19E-B341-49D4-A50A-C8D74257EAEB}.Debug|Any CPU.Build.0 = Debug|Any CPU
		{7855F19E-B341-49D4-A50A-C8D74257EAEB}.Release|Any CPU.ActiveCfg = Release|Any CPU
		{7855F19E-B341-49D4-A50A-C8D74257EAEB}.Release|Any CPU.Build.0 = Release|Any CPU
		{0D20E818-2792-4827-BBA2-EE9FFC361DDE}.Debug|Any CPU.ActiveCfg = Debug|Any CPU
		{0D20E818-2792-4827-BBA2-EE9FFC361DDE}.Debug|Any CPU.Build.0 = Debug|Any CPU
		{0D20E818-2792-4827-BBA2-EE9FFC361DDE}.Release|Any CPU.ActiveCfg = Release|Any CPU
		{0D20E818-2792-4827-BBA2-EE9FFC361DDE}.Release|Any CPU.Build.0 = Release|Any CPU
		{D5924F04-FAE7-4409-A93D-55B4F5F1545C}.Debug|Any CPU.ActiveCfg = Debug|Any CPU
		{D5924F04-FAE7-4409-A93D-55B4F5F1545C}.Debug|Any CPU.Build.0 = Debug|Any CPU
		{D5924F04-FAE7-4409-A93D-55B4F5F1545C}.Release|Any CPU.ActiveCfg = Release|Any CPU
		{D5924F04-FAE7-4409-A93D-55B4F5F1545C}.Release|Any CPU.Build.0 = Release|Any CPU
		{98FDA6D7-D871-45DD-A00E-3CEC2D353928}.Debug|Any CPU.ActiveCfg = Debug|Any CPU
		{98FDA6D7-D871-45DD-A00E-3CEC2D353928}.Debug|Any CPU.Build.0 = Debug|Any CPU
		{98FDA6D7-D871-45DD-A00E-3CEC2D353928}.Release|Any CPU.ActiveCfg = Release|Any CPU
		{98FDA6D7-D871-45DD-A00E-3CEC2D353928}.Release|Any CPU.Build.0 = Release|Any CPU
		{C5A50AEE-7997-4D1C-9CBE-56C765E0B06C}.Debug|Any CPU.ActiveCfg = Debug|Any CPU
		{C5A50AEE-7997-4D1C-9CBE-56C765E0B06C}.Debug|Any CPU.Build.0 = Debug|Any CPU
		{C5A50AEE-7997-4D1C-9CBE-56C765E0B06C}.Release|Any CPU.ActiveCfg = Release|Any CPU
		{C5A50AEE-7997-4D1C-9CBE-56C765E0B06C}.Release|Any CPU.Build.0 = Release|Any CPU
		{B2BF43FD-ABD1-43BB-9A23-34F224D8924E}.Debug|Any CPU.ActiveCfg = Debug|Any CPU
		{B2BF43FD-ABD1-43BB-9A23-34F224D8924E}.Debug|Any CPU.Build.0 = Debug|Any CPU
		{B2BF43FD-ABD1-43BB-9A23-34F224D8924E}.Release|Any CPU.ActiveCfg = Release|Any CPU
		{B2BF43FD-ABD1-43BB-9A23-34F224D8924E}.Release|Any CPU.Build.0 = Release|Any CPU
		{8DB00AD1-C1FB-474C-9402-832D757E6491}.Debug|Any CPU.ActiveCfg = Debug|Any CPU
		{8DB00AD1-C1FB-474C-9402-832D757E6491}.Debug|Any CPU.Build.0 = Debug|Any CPU
		{8DB00AD1-C1FB-474C-9402-832D757E6491}.Release|Any CPU.ActiveCfg = Release|Any CPU
		{8DB00AD1-C1FB-474C-9402-832D757E6491}.Release|Any CPU.Build.0 = Release|Any CPU
		{C2A120FD-1770-408C-A0A1-AB68C9142FD7}.Debug|Any CPU.ActiveCfg = Debug|Any CPU
		{C2A120FD-1770-408C-A0A1-AB68C9142FD7}.Debug|Any CPU.Build.0 = Debug|Any CPU
		{C2A120FD-1770-408C-A0A1-AB68C9142FD7}.Release|Any CPU.ActiveCfg = Release|Any CPU
		{C2A120FD-1770-408C-A0A1-AB68C9142FD7}.Release|Any CPU.Build.0 = Release|Any CPU
		{550676AA-BAFE-45FC-9BDC-F9400A1D528A}.Debug|Any CPU.ActiveCfg = Debug|Any CPU
		{550676AA-BAFE-45FC-9BDC-F9400A1D528A}.Debug|Any CPU.Build.0 = Debug|Any CPU
		{550676AA-BAFE-45FC-9BDC-F9400A1D528A}.Release|Any CPU.ActiveCfg = Release|Any CPU
		{550676AA-BAFE-45FC-9BDC-F9400A1D528A}.Release|Any CPU.Build.0 = Release|Any CPU
		{60DE7CF2-2D78-4662-A484-110CF0D66D4C}.Debug|Any CPU.ActiveCfg = Debug|Any CPU
		{60DE7CF2-2D78-4662-A484-110CF0D66D4C}.Debug|Any CPU.Build.0 = Debug|Any CPU
		{60DE7CF2-2D78-4662-A484-110CF0D66D4C}.Release|Any CPU.ActiveCfg = Release|Any CPU
		{60DE7CF2-2D78-4662-A484-110CF0D66D4C}.Release|Any CPU.Build.0 = Release|Any CPU
	EndGlobalSection
	GlobalSection(SolutionProperties) = preSolution
		HideSolutionNode = FALSE
	EndGlobalSection
	GlobalSection(NestedProjects) = preSolution
		{7855F19E-B341-49D4-A50A-C8D74257EAEB} = {B5F22348-2675-4FF2-8305-DEE12BCA233F}
		{0D20E818-2792-4827-BBA2-EE9FFC361DDE} = {DF58A441-7C50-4537-921F-CA4CFF56C297}
		{D5924F04-FAE7-4409-A93D-55B4F5F1545C} = {DF58A441-7C50-4537-921F-CA4CFF56C297}
		{98FDA6D7-D871-45DD-A00E-3CEC2D353928} = {DF58A441-7C50-4537-921F-CA4CFF56C297}
		{C5A50AEE-7997-4D1C-9CBE-56C765E0B06C} = {DF58A441-7C50-4537-921F-CA4CFF56C297}
		{B2BF43FD-ABD1-43BB-9A23-34F224D8924E} = {9FCD8A0D-7149-4662-8122-F1B8F64A1408}
		{8DB00AD1-C1FB-474C-9402-832D757E6491} = {DF58A441-7C50-4537-921F-CA4CFF56C297}
		{C2A120FD-1770-408C-A0A1-AB68C9142FD7} = {6C37766F-44EA-41F3-956E-BF41D632A627}
		{550676AA-BAFE-45FC-9BDC-F9400A1D528A} = {DF58A441-7C50-4537-921F-CA4CFF56C297}
		{60DE7CF2-2D78-4662-A484-110CF0D66D4C} = {DF58A441-7C50-4537-921F-CA4CFF56C297}
	EndGlobalSection
	GlobalSection(ExtensibilityGlobals) = postSolution
		SolutionGuid = {10019F6A-480A-41EB-A517-7E3B681A9CD6}
	EndGlobalSection
EndGlobal
